
Microsoft Visual Studio Solution File, Format Version 12.00
# Visual Studio 15
VisualStudioVersion = 15.0.28010.2003
MinimumVisualStudioVersion = 10.0.40219.1
Project("{FAE04EC0-301F-11D3-BF4B-00C04F79EFBC}") = "Core", "..\Core\Core.csproj", "{85D6102B-548F-4F22-9696-C345B70B34D1}"
EndProject
Project("{FAE04EC0-301F-11D3-BF4B-00C04F79EFBC}") = "SimpleForm", "SimpleForm\SimpleForm.csproj", "{5339B20F-9FF1-46CC-ADDC-FC2C15C42574}"
EndProject
Global
	GlobalSection(SolutionConfigurationPlatforms) = preSolution
		Debug|Any CPU = Debug|Any CPU
		Release|Any CPU = Release|Any CPU
	EndGlobalSection
	GlobalSection(ProjectConfigurationPlatforms) = postSolution
		{85D6102B-548F-4F22-9696-C345B70B34D1}.Debug|Any CPU.ActiveCfg = Debug|Any CPU
		{85D6102B-548F-4F22-9696-C345B70B34D1}.Debug|Any CPU.Build.0 = Debug|Any CPU
		{85D6102B-548F-4F22-9696-C345B70B34D1}.Release|Any CPU.ActiveCfg = Release|Any CPU
		{85D6102B-548F-4F22-9696-C345B70B34D1}.Release|Any CPU.Build.0 = Release|Any CPU
		{5339B20F-9FF1-46CC-ADDC-FC2C15C42574}.Debug|Any CPU.ActiveCfg = Debug|Any CPU
		{5339B20F-9FF1-46CC-ADDC-FC2C15C42574}.Debug|Any CPU.Build.0 = Debug|Any CPU
		{5339B20F-9FF1-46CC-ADDC-FC2C15C42574}.Release|Any CPU.ActiveCfg = Release|Any CPU
		{5339B20F-9FF1-46CC-ADDC-FC2C15C42574}.Release|Any CPU.Build.0 = Release|Any CPU
	EndGlobalSection
	GlobalSection(SolutionProperties) = preSolution
		HideSolutionNode = FALSE
	EndGlobalSection
	GlobalSection(ExtensibilityGlobals) = postSolution
		SolutionGuid = {15693DA8-D50B-4B15-A9AD-E610D8188AB9}
	EndGlobalSection
EndGlobal
