
Microsoft Visual Studio Solution File, Format Version 12.00
# Visual Studio Version 17
VisualStudioVersion = 17.7.34031.279
MinimumVisualStudioVersion = 10.0.40219.1
Project("{9A19103F-16F7-4668-BE54-9A1E7A4F7556}") = "Core", "Core\Core.csproj", "{FCF150A1-B755-4B3F-9A8B-45B047E38183}"
EndProject
Project("{9A19103F-16F7-4668-BE54-9A1E7A4F7556}") = "PluginTemplate", "PluginTemplate\PluginTemplate.csproj", "{83890128-052C-44DF-AAE5-8B4B393AC5C0}"
EndProject
Project("{2150E333-8FDC-42A3-9474-1A3956D46DE8}") = "MyPlugins", "MyPlugins", "{8FC91327-82DD-43C5-A262-68C75B3FEF63}"
EndProject
Project("{9A19103F-16F7-4668-BE54-9A1E7A4F7556}") = "ConsoleView", "Views\ConsoleView\ConsoleView.csproj", "{C0F997B6-67A9-44DC-8DAA-B776AB7A5B66}"
EndProject
Project("{2150E333-8FDC-42A3-9474-1A3956D46DE8}") = "Views", "Views", "{3FF4A585-0087-466F-99E2-1E6F03541DCE}"
EndProject
Project("{9A19103F-16F7-4668-BE54-9A1E7A4F7556}") = "Plugins.S1", "MyPlugins\Plugins.S1\Plugins.S1.csproj", "{E16D3B6E-94A0-401B-A947-31B62C4A8876}"
EndProject
Project("{9A19103F-16F7-4668-BE54-9A1E7A4F7556}") = "ForumTool.Winform", "Views\WinformView\ForumTool.Winform.csproj", "{85166D43-D505-4C2F-9459-911E84603B6F}"
EndProject
Project("{9A19103F-16F7-4668-BE54-9A1E7A4F7556}") = "Plugins.S1.Test", "MyPlugins\Plugins.S1.Test\Plugins.S1.Test.csproj", "{82A2086D-DC2E-4611-BACC-2C96D8466916}"
EndProject
Global
	GlobalSection(SolutionConfigurationPlatforms) = preSolution
		Debug|Any CPU = Debug|Any CPU
		Release|Any CPU = Release|Any CPU
	EndGlobalSection
	GlobalSection(ProjectConfigurationPlatforms) = postSolution
		{FCF150A1-B755-4B3F-9A8B-45B047E38183}.Debug|Any CPU.ActiveCfg = Debug|Any CPU
		{FCF150A1-B755-4B3F-9A8B-45B047E38183}.Debug|Any CPU.Build.0 = Debug|Any CPU
		{FCF150A1-B755-4B3F-9A8B-45B047E38183}.Release|Any CPU.ActiveCfg = Release|Any CPU
		{FCF150A1-B755-4B3F-9A8B-45B047E38183}.Release|Any CPU.Build.0 = Release|Any CPU
		{83890128-052C-44DF-AAE5-8B4B393AC5C0}.Debug|Any CPU.ActiveCfg = Debug|Any CPU
		{83890128-052C-44DF-AAE5-8B4B393AC5C0}.Debug|Any CPU.Build.0 = Debug|Any CPU
		{83890128-052C-44DF-AAE5-8B4B393AC5C0}.Release|Any CPU.ActiveCfg = Release|Any CPU
		{83890128-052C-44DF-AAE5-8B4B393AC5C0}.Release|Any CPU.Build.0 = Release|Any CPU
		{C0F997B6-67A9-44DC-8DAA-B776AB7A5B66}.Debug|Any CPU.ActiveCfg = Debug|Any CPU
		{C0F997B6-67A9-44DC-8DAA-B776AB7A5B66}.Debug|Any CPU.Build.0 = Debug|Any CPU
		{C0F997B6-67A9-44DC-8DAA-B776AB7A5B66}.Release|Any CPU.ActiveCfg = Release|Any CPU
		{C0F997B6-67A9-44DC-8DAA-B776AB7A5B66}.Release|Any CPU.Build.0 = Release|Any CPU
		{E16D3B6E-94A0-401B-A947-31B62C4A8876}.Debug|Any CPU.ActiveCfg = Debug|Any CPU
		{E16D3B6E-94A0-401B-A947-31B62C4A8876}.Debug|Any CPU.Build.0 = Debug|Any CPU
		{E16D3B6E-94A0-401B-A947-31B62C4A8876}.Release|Any CPU.ActiveCfg = Release|Any CPU
		{E16D3B6E-94A0-401B-A947-31B62C4A8876}.Release|Any CPU.Build.0 = Release|Any CPU
		{85166D43-D505-4C2F-9459-911E84603B6F}.Debug|Any CPU.ActiveCfg = Debug|Any CPU
		{85166D43-D505-4C2F-9459-911E84603B6F}.Debug|Any CPU.Build.0 = Debug|Any CPU
		{85166D43-D505-4C2F-9459-911E84603B6F}.Release|Any CPU.ActiveCfg = Release|Any CPU
		{85166D43-D505-4C2F-9459-911E84603B6F}.Release|Any CPU.Build.0 = Release|Any CPU
		{82A2086D-DC2E-4611-BACC-2C96D8466916}.Debug|Any CPU.ActiveCfg = Debug|Any CPU
		{82A2086D-DC2E-4611-BACC-2C96D8466916}.Debug|Any CPU.Build.0 = Debug|Any CPU
		{82A2086D-DC2E-4611-BACC-2C96D8466916}.Release|Any CPU.ActiveCfg = Release|Any CPU
		{82A2086D-DC2E-4611-BACC-2C96D8466916}.Release|Any CPU.Build.0 = Release|Any CPU
	EndGlobalSection
	GlobalSection(SolutionProperties) = preSolution
		HideSolutionNode = FALSE
	EndGlobalSection
	GlobalSection(NestedProjects) = preSolution
		{C0F997B6-67A9-44DC-8DAA-B776AB7A5B66} = {3FF4A585-0087-466F-99E2-1E6F03541DCE}
		{E16D3B6E-94A0-401B-A947-31B62C4A8876} = {8FC91327-82DD-43C5-A262-68C75B3FEF63}
		{85166D43-D505-4C2F-9459-911E84603B6F} = {3FF4A585-0087-466F-99E2-1E6F03541DCE}
		{82A2086D-DC2E-4611-BACC-2C96D8466916} = {8FC91327-82DD-43C5-A262-68C75B3FEF63}
	EndGlobalSection
	GlobalSection(ExtensibilityGlobals) = postSolution
		SolutionGuid = {473CDE24-4D30-4A9D-831E-EAD5C6100A07}
	EndGlobalSection
EndGlobal
